// !$*UTF8*$!
{
	archiveVersion = 1;
	classes = {
	};
	objectVersion = 45;
	objects = {

/* Begin PBXBuildFile section */
		8D5B49B0048680CD000E48DA /* InfoPlist.strings in Resources */ = {isa = PBXBuildFile; fileRef = 089C167DFE841241C02AAC07 /* InfoPlist.strings */; };
		8D5B49B4048680CD000E48DA /* Cocoa.framework in Frameworks */ = {isa = PBXBuildFile; fileRef = 1058C7ADFEA557BF11CA2CBB /* Cocoa.framework */; };
		D32E8AA510E525FE00445B4C /* FUNotifications.m in Sources */ = {isa = PBXBuildFile; fileRef = D32E8AA410E525FE00445B4C /* FUNotifications.m */; };
		D33932A610D49F54000FC7C1 /* WebKit.framework in Frameworks */ = {isa = PBXBuildFile; fileRef = D33932A510D49F54000FC7C1 /* WebKit.framework */; };
		D33932BA10D4A0D1000FC7C1 /* FUBrowsaPreferencesViewController.m in Sources */ = {isa = PBXBuildFile; fileRef = D33932B910D4A0D1000FC7C1 /* FUBrowsaPreferencesViewController.m */; };
		D33932BD10D4A0E0000FC7C1 /* FUBrowsaViewController.m in Sources */ = {isa = PBXBuildFile; fileRef = D33932BC10D4A0E0000FC7C1 /* FUBrowsaViewController.m */; };
		D3BDE5E810E44F1400858E44 /* DefaultValues.plist in Resources */ = {isa = PBXBuildFile; fileRef = D3BDE5E710E44F1400858E44 /* DefaultValues.plist */; };
		D3BDE7A810E4638100858E44 /* FUBrowsaComboBox.m in Sources */ = {isa = PBXBuildFile; fileRef = D3BDE7A710E4638100858E44 /* FUBrowsaComboBox.m */; };
		D3C2501410E7C6600059B788 /* HMShared.framework in Frameworks */ = {isa = PBXBuildFile; fileRef = D3C2500810E7C63D0059B788 /* HMShared.framework */; };
		D3D371BB10E3BE2500203EB2 /* FUBrowsaPlugIn.m in Sources */ = {isa = PBXBuildFile; fileRef = D3D371BA10E3BE2500203EB2 /* FUBrowsaPlugIn.m */; };
		D3D375FB10E403DC00203EB2 /* FUUtils.m in Sources */ = {isa = PBXBuildFile; fileRef = D3D375FA10E403DC00203EB2 /* FUUtils.m */; };
		D3D3761E10E405D500203EB2 /* FUBrowsaPreferencesView.xib in Resources */ = {isa = PBXBuildFile; fileRef = D3D3761A10E405D500203EB2 /* FUBrowsaPreferencesView.xib */; };
		D3D3761F10E405D500203EB2 /* FUBrowsaView.xib in Resources */ = {isa = PBXBuildFile; fileRef = D3D3761C10E405D500203EB2 /* FUBrowsaView.xib */; };
		D3D3762410E4065300203EB2 /* FUBrowsaBackgroundView.m in Sources */ = {isa = PBXBuildFile; fileRef = D3D3762310E4065300203EB2 /* FUBrowsaBackgroundView.m */; };
		D3D3762C10E4068E00203EB2 /* FUBrowsaNavBar.m in Sources */ = {isa = PBXBuildFile; fileRef = D3D3762B10E4068E00203EB2 /* FUBrowsaNavBar.m */; };
		D3D377A010E430EE00203EB2 /* FUBrowsaActivation.m in Sources */ = {isa = PBXBuildFile; fileRef = D3D3779F10E430EE00203EB2 /* FUBrowsaActivation.m */; };
/* End PBXBuildFile section */

/* Begin PBXContainerItemProxy section */
		D3C2500510E7C63D0059B788 /* PBXContainerItemProxy */ = {
			isa = PBXContainerItemProxy;
			containerPortal = D3C2500010E7C63D0059B788 /* Fluidium.xcodeproj */;
			proxyType = 2;
			remoteGlobalIDString = 8D15AC370486D014006FF6A4 /* Fluidium.app */;
			remoteInfo = Fluidium;
		};
		D3C2500710E7C63D0059B788 /* PBXContainerItemProxy */ = {
			isa = PBXContainerItemProxy;
			containerPortal = D3C2500010E7C63D0059B788 /* Fluidium.xcodeproj */;
			proxyType = 2;
			remoteGlobalIDString = D3F2942C10E7C35700CCB392 /* HMShared.framework */;
			remoteInfo = HMShared;
		};
		D3C250B910E7C66D0059B788 /* PBXContainerItemProxy */ = {
			isa = PBXContainerItemProxy;
			containerPortal = D3C2500010E7C63D0059B788 /* Fluidium.xcodeproj */;
			proxyType = 1;
			remoteGlobalIDString = D3F2942B10E7C35700CCB392 /* HMShared */;
			remoteInfo = HMShared;
		};
/* End PBXContainerItemProxy section */

/* Begin PBXFileReference section */
		089C1672FE841209C02AAC07 /* Foundation.framework */ = {isa = PBXFileReference; lastKnownFileType = wrapper.framework; name = Foundation.framework; path = /System/Library/Frameworks/Foundation.framework; sourceTree = "<absolute>"; };
		089C167EFE841241C02AAC07 /* English */ = {isa = PBXFileReference; fileEncoding = 4; lastKnownFileType = text.plist.strings; name = English; path = English.lproj/InfoPlist.strings; sourceTree = "<group>"; };
		089C167FFE841241C02AAC07 /* AppKit.framework */ = {isa = PBXFileReference; lastKnownFileType = wrapper.framework; name = AppKit.framework; path = /System/Library/Frameworks/AppKit.framework; sourceTree = "<absolute>"; };
		1058C7ADFEA557BF11CA2CBB /* Cocoa.framework */ = {isa = PBXFileReference; lastKnownFileType = wrapper.framework; name = Cocoa.framework; path = /System/Library/Frameworks/Cocoa.framework; sourceTree = "<absolute>"; };
		32DBCF630370AF2F00C91783 /* BrowsaPlugIn_Prefix.pch */ = {isa = PBXFileReference; fileEncoding = 4; lastKnownFileType = sourcecode.c.h; name = BrowsaPlugIn_Prefix.pch; path = src/BrowsaPlugIn_Prefix.pch; sourceTree = "<group>"; };
		8D5B49B6048680CD000E48DA /* Browsa.fluidplugin */ = {isa = PBXFileReference; explicitFileType = wrapper.cfbundle; includeInIndex = 0; path = Browsa.fluidplugin; sourceTree = BUILT_PRODUCTS_DIR; };
		8D5B49B7048680CD000E48DA /* Info.plist */ = {isa = PBXFileReference; fileEncoding = 4; lastKnownFileType = text.plist.xml; name = Info.plist; path = res/conf/Info.plist; sourceTree = "<group>"; };
		D2F7E65807B2D6F200F64583 /* CoreData.framework */ = {isa = PBXFileReference; lastKnownFileType = wrapper.framework; name = CoreData.framework; path = /System/Library/Frameworks/CoreData.framework; sourceTree = "<absolute>"; };
		D32E8A9F10E525E200445B4C /* FUNotifications.h */ = {isa = PBXFileReference; fileEncoding = 4; lastKnownFileType = sourcecode.c.h; name = FUNotifications.h; path = ../../Fluidium/src/FUNotifications.h; sourceTree = SOURCE_ROOT; };
		D32E8AA410E525FE00445B4C /* FUNotifications.m */ = {isa = PBXFileReference; fileEncoding = 4; lastKnownFileType = sourcecode.c.objc; name = FUNotifications.m; path = ../../Fluidium/src/FUNotifications.m; sourceTree = SOURCE_ROOT; };
		D33932A510D49F54000FC7C1 /* WebKit.framework */ = {isa = PBXFileReference; lastKnownFileType = wrapper.framework; name = WebKit.framework; path = System/Library/Frameworks/WebKit.framework; sourceTree = SDKROOT; };
		D33932AF10D49FD8000FC7C1 /* FUPlugIn.h */ = {isa = PBXFileReference; fileEncoding = 4; lastKnownFileType = sourcecode.c.h; name = FUPlugIn.h; path = ../../Fluidium/src/FUPlugIn.h; sourceTree = SOURCE_ROOT; };
		D33932B010D49FD8000FC7C1 /* FUPlugInAPI.h */ = {isa = PBXFileReference; fileEncoding = 4; lastKnownFileType = sourcecode.c.h; name = FUPlugInAPI.h; path = ../../Fluidium/src/FUPlugInAPI.h; sourceTree = SOURCE_ROOT; };
		D33932B110D49FD8000FC7C1 /* WebURLsWithTitles.h */ = {isa = PBXFileReference; fileEncoding = 4; lastKnownFileType = sourcecode.c.h; name = WebURLsWithTitles.h; path = ../../Fluidium/src/WebURLsWithTitles.h; sourceTree = SOURCE_ROOT; };
		D33932B510D4A0AE000FC7C1 /* FUBrowsaPlugIn.h */ = {isa = PBXFileReference; fileEncoding = 4; lastKnownFileType = sourcecode.c.h; name = FUBrowsaPlugIn.h; path = src/FUBrowsaPlugIn.h; sourceTree = "<group>"; };
		D33932B810D4A0D1000FC7C1 /* FUBrowsaPreferencesViewController.h */ = {isa = PBXFileReference; fileEncoding = 4; lastKnownFileType = sourcecode.c.h; name = FUBrowsaPreferencesViewController.h; path = src/FUBrowsaPreferencesViewController.h; sourceTree = "<group>"; };
		D33932B910D4A0D1000FC7C1 /* FUBrowsaPreferencesViewController.m */ = {isa = PBXFileReference; fileEncoding = 4; lastKnownFileType = sourcecode.c.objc; name = FUBrowsaPreferencesViewController.m; path = src/FUBrowsaPreferencesViewController.m; sourceTree = "<group>"; };
		D33932BB10D4A0E0000FC7C1 /* FUBrowsaViewController.h */ = {isa = PBXFileReference; fileEncoding = 4; lastKnownFileType = sourcecode.c.h; name = FUBrowsaViewController.h; path = src/FUBrowsaViewController.h; sourceTree = "<group>"; };
		D33932BC10D4A0E0000FC7C1 /* FUBrowsaViewController.m */ = {isa = PBXFileReference; fileEncoding = 4; lastKnownFileType = sourcecode.c.objc; name = FUBrowsaViewController.m; path = src/FUBrowsaViewController.m; sourceTree = "<group>"; };
		D339331910D4ADA5000FC7C1 /* NSString+FUAdditions.h */ = {isa = PBXFileReference; fileEncoding = 4; lastKnownFileType = sourcecode.c.h; name = "NSString+FUAdditions.h"; path = "../../Fluidium/src/NSString+FUAdditions.h"; sourceTree = SOURCE_ROOT; };
		D339337110D4BB55000FC7C1 /* WebViewPrivate.h */ = {isa = PBXFileReference; fileEncoding = 4; lastKnownFileType = sourcecode.c.h; name = WebViewPrivate.h; path = ../../Fluidium/src/WebViewPrivate.h; sourceTree = SOURCE_ROOT; };
		D339339F10D4C0F9000FC7C1 /* DOMNode+FUAdditions.h */ = {isa = PBXFileReference; fileEncoding = 4; lastKnownFileType = sourcecode.c.h; name = "DOMNode+FUAdditions.h"; path = "../../Fluidium/src/DOMNode+FUAdditions.h"; sourceTree = SOURCE_ROOT; };
		D33933BB10D4C1B9000FC7C1 /* WebIconDatabase+FUAdditions.h */ = {isa = PBXFileReference; fileEncoding = 4; lastKnownFileType = sourcecode.c.h; name = "WebIconDatabase+FUAdditions.h"; path = "../../Fluidium/src/WebIconDatabase+FUAdditions.h"; sourceTree = SOURCE_ROOT; };
		D3BDE5E710E44F1400858E44 /* DefaultValues.plist */ = {isa = PBXFileReference; fileEncoding = 4; lastKnownFileType = text.plist.xml; name = DefaultValues.plist; path = res/conf/DefaultValues.plist; sourceTree = "<group>"; };
		D3BDE7A610E4638100858E44 /* FUBrowsaComboBox.h */ = {isa = PBXFileReference; fileEncoding = 4; lastKnownFileType = sourcecode.c.h; name = FUBrowsaComboBox.h; path = src/FUBrowsaComboBox.h; sourceTree = "<group>"; };
		D3BDE7A710E4638100858E44 /* FUBrowsaComboBox.m */ = {isa = PBXFileReference; fileEncoding = 4; lastKnownFileType = sourcecode.c.objc; name = FUBrowsaComboBox.m; path = src/FUBrowsaComboBox.m; sourceTree = "<group>"; };
		D3C2500010E7C63D0059B788 /* Fluidium.xcodeproj */ = {isa = PBXFileReference; lastKnownFileType = "wrapper.pb-project"; name = Fluidium.xcodeproj; path = ../../Fluidium/Fluidium.xcodeproj; sourceTree = SOURCE_ROOT; };
		D3D371BA10E3BE2500203EB2 /* FUBrowsaPlugIn.m */ = {isa = PBXFileReference; fileEncoding = 4; lastKnownFileType = sourcecode.c.objc; name = FUBrowsaPlugIn.m; path = src/FUBrowsaPlugIn.m; sourceTree = "<group>"; };
		D3D375A910E3FD3000203EB2 /* WebIconDatabase.h */ = {isa = PBXFileReference; fileEncoding = 4; lastKnownFileType = sourcecode.c.h; name = WebIconDatabase.h; path = ../../Fluidium/src/WebIconDatabase.h; sourceTree = SOURCE_ROOT; };
		D3D375F910E403D700203EB2 /* FUUtils.h */ = {isa = PBXFileReference; fileEncoding = 4; lastKnownFileType = sourcecode.c.h; name = FUUtils.h; path = ../../Fluidium/src/FUUtils.h; sourceTree = SOURCE_ROOT; };
		D3D375FA10E403DC00203EB2 /* FUUtils.m */ = {isa = PBXFileReference; fileEncoding = 4; lastKnownFileType = sourcecode.c.objc; name = FUUtils.m; path = ../../Fluidium/src/FUUtils.m; sourceTree = SOURCE_ROOT; };
		D3D3761B10E405D500203EB2 /* English */ = {isa = PBXFileReference; lastKnownFileType = file.xib; name = English; path = English.lproj/FUBrowsaPreferencesView.xib; sourceTree = "<group>"; };
		D3D3761D10E405D500203EB2 /* English */ = {isa = PBXFileReference; lastKnownFileType = file.xib; name = English; path = English.lproj/FUBrowsaView.xib; sourceTree = "<group>"; };
		D3D3762210E4065300203EB2 /* FUBrowsaBackgroundView.h */ = {isa = PBXFileReference; fileEncoding = 4; lastKnownFileType = sourcecode.c.h; name = FUBrowsaBackgroundView.h; path = src/FUBrowsaBackgroundView.h; sourceTree = "<group>"; };
		D3D3762310E4065300203EB2 /* FUBrowsaBackgroundView.m */ = {isa = PBXFileReference; fileEncoding = 4; lastKnownFileType = sourcecode.c.objc; name = FUBrowsaBackgroundView.m; path = src/FUBrowsaBackgroundView.m; sourceTree = "<group>"; };
		D3D3762A10E4068E00203EB2 /* FUBrowsaNavBar.h */ = {isa = PBXFileReference; fileEncoding = 4; lastKnownFileType = sourcecode.c.h; name = FUBrowsaNavBar.h; path = src/FUBrowsaNavBar.h; sourceTree = "<group>"; };
		D3D3762B10E4068E00203EB2 /* FUBrowsaNavBar.m */ = {isa = PBXFileReference; fileEncoding = 4; lastKnownFileType = sourcecode.c.objc; name = FUBrowsaNavBar.m; path = src/FUBrowsaNavBar.m; sourceTree = "<group>"; };
		D3D3779E10E430EE00203EB2 /* FUBrowsaActivation.h */ = {isa = PBXFileReference; fileEncoding = 4; lastKnownFileType = sourcecode.c.h; name = FUBrowsaActivation.h; path = src/FUBrowsaActivation.h; sourceTree = "<group>"; };
		D3D3779F10E430EE00203EB2 /* FUBrowsaActivation.m */ = {isa = PBXFileReference; fileEncoding = 4; lastKnownFileType = sourcecode.c.objc; name = FUBrowsaActivation.m; path = src/FUBrowsaActivation.m; sourceTree = "<group>"; };
		D3D377A610E4316F00203EB2 /* NSEvent+FUAdditions.h */ = {isa = PBXFileReference; fileEncoding = 4; lastKnownFileType = sourcecode.c.h; name = "NSEvent+FUAdditions.h"; path = "../../Fluidium/src/NSEvent+FUAdditions.h"; sourceTree = SOURCE_ROOT; };
/* End PBXFileReference section */

/* Begin PBXFrameworksBuildPhase section */
		8D5B49B3048680CD000E48DA /* Frameworks */ = {
			isa = PBXFrameworksBuildPhase;
			buildActionMask = 2147483647;
			files = (
				D3C2501410E7C6600059B788 /* HMShared.framework in Frameworks */,
				8D5B49B4048680CD000E48DA /* Cocoa.framework in Frameworks */,
				D33932A610D49F54000FC7C1 /* WebKit.framework in Frameworks */,
			);
			runOnlyForDeploymentPostprocessing = 0;
		};
/* End PBXFrameworksBuildPhase section */

/* Begin PBXGroup section */
		089C166AFE841209C02AAC07 /* BrowsaPlugIn */ = {
			isa = PBXGroup;
			children = (
				D3C2500010E7C63D0059B788 /* Fluidium.xcodeproj */,
				08FB77AFFE84173DC02AAC07 /* Classes */,
				32C88E010371C26100C91783 /* Other Sources */,
				089C167CFE841241C02AAC07 /* Resources */,
				089C1671FE841209C02AAC07 /* Frameworks and Libraries */,
				19C28FB8FE9D52D311CA2CBB /* Products */,
			);
			name = BrowsaPlugIn;
			sourceTree = "<group>";
		};
		089C1671FE841209C02AAC07 /* Frameworks and Libraries */ = {
			isa = PBXGroup;
			children = (
				1058C7ACFEA557BF11CA2CBB /* Linked Frameworks */,
				1058C7AEFEA557BF11CA2CBB /* Other Frameworks */,
			);
			name = "Frameworks and Libraries";
			sourceTree = "<group>";
		};
		089C167CFE841241C02AAC07 /* Resources */ = {
			isa = PBXGroup;
			children = (
				D3BDE5E610E44EFE00858E44 /* Conf */,
				D3D3760F10E4056100203EB2 /* Nib */,
				D3BDE5E910E44FA700858E44 /* Strings */,
			);
			name = Resources;
			sourceTree = "<group>";
		};
		08FB77AFFE84173DC02AAC07 /* Classes */ = {
			isa = PBXGroup;
			children = (
				D3BDE75B10E4614500858E44 /* ComboBox */,
				D33932AE10D49FC5000FC7C1 /* Fluidium */,
				D33932B510D4A0AE000FC7C1 /* FUBrowsaPlugIn.h */,
				D3D371BA10E3BE2500203EB2 /* FUBrowsaPlugIn.m */,
				D33932BB10D4A0E0000FC7C1 /* FUBrowsaViewController.h */,
				D33932BC10D4A0E0000FC7C1 /* FUBrowsaViewController.m */,
				D3D3762210E4065300203EB2 /* FUBrowsaBackgroundView.h */,
				D3D3762310E4065300203EB2 /* FUBrowsaBackgroundView.m */,
				D3D3762A10E4068E00203EB2 /* FUBrowsaNavBar.h */,
				D3D3762B10E4068E00203EB2 /* FUBrowsaNavBar.m */,
				D3D3779E10E430EE00203EB2 /* FUBrowsaActivation.h */,
				D3D3779F10E430EE00203EB2 /* FUBrowsaActivation.m */,
				D33932B410D4A061000FC7C1 /* Prefs */,
			);
			name = Classes;
			sourceTree = "<group>";
		};
		1058C7ACFEA557BF11CA2CBB /* Linked Frameworks */ = {
			isa = PBXGroup;
			children = (
				D33932A510D49F54000FC7C1 /* WebKit.framework */,
				1058C7ADFEA557BF11CA2CBB /* Cocoa.framework */,
			);
			name = "Linked Frameworks";
			sourceTree = "<group>";
		};
		1058C7AEFEA557BF11CA2CBB /* Other Frameworks */ = {
			isa = PBXGroup;
			children = (
				089C167FFE841241C02AAC07 /* AppKit.framework */,
				D2F7E65807B2D6F200F64583 /* CoreData.framework */,
				089C1672FE841209C02AAC07 /* Foundation.framework */,
			);
			name = "Other Frameworks";
			sourceTree = "<group>";
		};
		19C28FB8FE9D52D311CA2CBB /* Products */ = {
			isa = PBXGroup;
			children = (
				8D5B49B6048680CD000E48DA /* Browsa.fluidplugin */,
			);
			name = Products;
			sourceTree = "<group>";
		};
		32C88E010371C26100C91783 /* Other Sources */ = {
			isa = PBXGroup;
			children = (
				32DBCF630370AF2F00C91783 /* BrowsaPlugIn_Prefix.pch */,
			);
			name = "Other Sources";
			sourceTree = "<group>";
		};
		D33932AE10D49FC5000FC7C1 /* Fluidium */ = {
			isa = PBXGroup;
			children = (
				D3D375F910E403D700203EB2 /* FUUtils.h */,
				D3D375FA10E403DC00203EB2 /* FUUtils.m */,
				D32E8A9F10E525E200445B4C /* FUNotifications.h */,
				D32E8AA410E525FE00445B4C /* FUNotifications.m */,
				D33932AF10D49FD8000FC7C1 /* FUPlugIn.h */,
				D33932B010D49FD8000FC7C1 /* FUPlugInAPI.h */,
				D339331910D4ADA5000FC7C1 /* NSString+FUAdditions.h */,
				D3D377A610E4316F00203EB2 /* NSEvent+FUAdditions.h */,
				D339339F10D4C0F9000FC7C1 /* DOMNode+FUAdditions.h */,
				D339337110D4BB55000FC7C1 /* WebViewPrivate.h */,
				D33932B110D49FD8000FC7C1 /* WebURLsWithTitles.h */,
				D3D375A910E3FD3000203EB2 /* WebIconDatabase.h */,
				D33933BB10D4C1B9000FC7C1 /* WebIconDatabase+FUAdditions.h */,
			);
			name = Fluidium;
			sourceTree = "<group>";
		};
		D33932B410D4A061000FC7C1 /* Prefs */ = {
			isa = PBXGroup;
			children = (
				D33932B810D4A0D1000FC7C1 /* FUBrowsaPreferencesViewController.h */,
				D33932B910D4A0D1000FC7C1 /* FUBrowsaPreferencesViewController.m */,
			);
			name = Prefs;
			sourceTree = "<group>";
		};
		D3BDE5E610E44EFE00858E44 /* Conf */ = {
			isa = PBXGroup;
			children = (
				8D5B49B7048680CD000E48DA /* Info.plist */,
				D3BDE5E710E44F1400858E44 /* DefaultValues.plist */,
			);
			name = Conf;
			sourceTree = "<group>";
		};
		D3BDE5E910E44FA700858E44 /* Strings */ = {
			isa = PBXGroup;
			children = (
				089C167DFE841241C02AAC07 /* InfoPlist.strings */,
			);
			name = Strings;
			sourceTree = "<group>";
		};
		D3BDE75B10E4614500858E44 /* ComboBox */ = {
			isa = PBXGroup;
			children = (
				D3BDE7A610E4638100858E44 /* FUBrowsaComboBox.h */,
				D3BDE7A710E4638100858E44 /* FUBrowsaComboBox.m */,
			);
			name = ComboBox;
			sourceTree = "<group>";
		};
		D3C2500110E7C63D0059B788 /* Products */ = {
			isa = PBXGroup;
			children = (
				D3C2500610E7C63D0059B788 /* Fluidium.app */,
				D3C2500810E7C63D0059B788 /* HMShared.framework */,
			);
			name = Products;
			sourceTree = "<group>";
		};
		D3D3760F10E4056100203EB2 /* Nib */ = {
			isa = PBXGroup;
			children = (
				D3D3761C10E405D500203EB2 /* FUBrowsaView.xib */,
				D3D3761A10E405D500203EB2 /* FUBrowsaPreferencesView.xib */,
			);
			name = Nib;
			sourceTree = "<group>";
		};
/* End PBXGroup section */

/* Begin PBXNativeTarget section */
		8D5B49AC048680CD000E48DA /* BrowsaPlugIn */ = {
			isa = PBXNativeTarget;
			buildConfigurationList = 1DEB913A08733D840010E9CD /* Build configuration list for PBXNativeTarget "BrowsaPlugIn" */;
			buildPhases = (
				8D5B49AF048680CD000E48DA /* Resources */,
				8D5B49B1048680CD000E48DA /* Sources */,
				8D5B49B3048680CD000E48DA /* Frameworks */,
			);
			buildRules = (
			);
			dependencies = (
				D3C250BA10E7C66D0059B788 /* PBXTargetDependency */,
			);
			name = BrowsaPlugIn;
			productInstallPath = "$(HOME)/Library/Bundles";
			productName = BrowsaPlugIn;
			productReference = 8D5B49B6048680CD000E48DA /* Browsa.fluidplugin */;
			productType = "com.apple.product-type.bundle";
		};
/* End PBXNativeTarget section */

/* Begin PBXProject section */
		089C1669FE841209C02AAC07 /* Project object */ = {
			isa = PBXProject;
			buildConfigurationList = 1DEB913E08733D840010E9CD /* Build configuration list for PBXProject "BrowsaPlugIn" */;
			compatibilityVersion = "Xcode 3.1";
			hasScannedForEncodings = 1;
			mainGroup = 089C166AFE841209C02AAC07 /* BrowsaPlugIn */;
			projectDirPath = "";
			projectReferences = (
				{
					ProductGroup = D3C2500110E7C63D0059B788 /* Products */;
					ProjectRef = D3C2500010E7C63D0059B788 /* Fluidium.xcodeproj */;
				},
			);
			projectRoot = "";
			targets = (
				8D5B49AC048680CD000E48DA /* BrowsaPlugIn */,
			);
		};
/* End PBXProject section */

/* Begin PBXReferenceProxy section */
		D3C2500610E7C63D0059B788 /* Fluidium.app */ = {
			isa = PBXReferenceProxy;
			fileType = wrapper.application;
			path = Fluidium.app;
			remoteRef = D3C2500510E7C63D0059B788 /* PBXContainerItemProxy */;
			sourceTree = BUILT_PRODUCTS_DIR;
		};
		D3C2500810E7C63D0059B788 /* HMShared.framework */ = {
			isa = PBXReferenceProxy;
			fileType = wrapper.framework;
			path = HMShared.framework;
			remoteRef = D3C2500710E7C63D0059B788 /* PBXContainerItemProxy */;
			sourceTree = BUILT_PRODUCTS_DIR;
		};
/* End PBXReferenceProxy section */

/* Begin PBXResourcesBuildPhase section */
		8D5B49AF048680CD000E48DA /* Resources */ = {
			isa = PBXResourcesBuildPhase;
			buildActionMask = 2147483647;
			files = (
				8D5B49B0048680CD000E48DA /* InfoPlist.strings in Resources */,
				D3D3761E10E405D500203EB2 /* FUBrowsaPreferencesView.xib in Resources */,
				D3D3761F10E405D500203EB2 /* FUBrowsaView.xib in Resources */,
				D3BDE5E810E44F1400858E44 /* DefaultValues.plist in Resources */,
			);
			runOnlyForDeploymentPostprocessing = 0;
		};
/* End PBXResourcesBuildPhase section */

/* Begin PBXSourcesBuildPhase section */
		8D5B49B1048680CD000E48DA /* Sources */ = {
			isa = PBXSourcesBuildPhase;
			buildActionMask = 2147483647;
			files = (
				D33932BA10D4A0D1000FC7C1 /* FUBrowsaPreferencesViewController.m in Sources */,
				D33932BD10D4A0E0000FC7C1 /* FUBrowsaViewController.m in Sources */,
				D3D371BB10E3BE2500203EB2 /* FUBrowsaPlugIn.m in Sources */,
				D3D375FB10E403DC00203EB2 /* FUUtils.m in Sources */,
				D3D3762410E4065300203EB2 /* FUBrowsaBackgroundView.m in Sources */,
				D3D3762C10E4068E00203EB2 /* FUBrowsaNavBar.m in Sources */,
				D3D377A010E430EE00203EB2 /* FUBrowsaActivation.m in Sources */,
				D3BDE7A810E4638100858E44 /* FUBrowsaComboBox.m in Sources */,
				D32E8AA510E525FE00445B4C /* FUNotifications.m in Sources */,
			);
			runOnlyForDeploymentPostprocessing = 0;
		};
/* End PBXSourcesBuildPhase section */

/* Begin PBXTargetDependency section */
		D3C250BA10E7C66D0059B788 /* PBXTargetDependency */ = {
			isa = PBXTargetDependency;
			name = HMShared;
			targetProxy = D3C250B910E7C66D0059B788 /* PBXContainerItemProxy */;
		};
/* End PBXTargetDependency section */

/* Begin PBXVariantGroup section */
		089C167DFE841241C02AAC07 /* InfoPlist.strings */ = {
			isa = PBXVariantGroup;
			children = (
				089C167EFE841241C02AAC07 /* English */,
			);
			name = InfoPlist.strings;
			sourceTree = "<group>";
		};
		D3D3761A10E405D500203EB2 /* FUBrowsaPreferencesView.xib */ = {
			isa = PBXVariantGroup;
			children = (
				D3D3761B10E405D500203EB2 /* English */,
			);
			name = FUBrowsaPreferencesView.xib;
			sourceTree = "<group>";
		};
		D3D3761C10E405D500203EB2 /* FUBrowsaView.xib */ = {
			isa = PBXVariantGroup;
			children = (
				D3D3761D10E405D500203EB2 /* English */,
			);
			name = FUBrowsaView.xib;
			sourceTree = "<group>";
		};
/* End PBXVariantGroup section */

/* Begin XCBuildConfiguration section */
		1DEB913B08733D840010E9CD /* Debug */ = {
			isa = XCBuildConfiguration;
			buildSettings = {
				ALWAYS_SEARCH_USER_PATHS = NO;
				ARCHS = "$(NATIVE_ARCH_ACTUAL)";
				COPY_PHASE_STRIP = NO;
				GCC_DYNAMIC_NO_PIC = NO;
				GCC_ENABLE_FIX_AND_CONTINUE = YES;
				GCC_MODEL_TUNING = G5;
				GCC_OPTIMIZATION_LEVEL = 0;
				GCC_PRECOMPILE_PREFIX_HEADER = YES;
				GCC_PREFIX_HEADER = src/BrowsaPlugIn_Prefix.pch;
				INFOPLIST_FILE = res/conf/Info.plist;
				INSTALL_PATH = "$(HOME)/Library/Bundles";
				PRODUCT_NAME = Browsa;
				SDKROOT = macosx10.5;
				WRAPPER_EXTENSION = fluidplugin;
			};
			name = Debug;
		};
		1DEB913C08733D840010E9CD /* Release */ = {
			isa = XCBuildConfiguration;
			buildSettings = {
				ALWAYS_SEARCH_USER_PATHS = NO;
				DEBUG_INFORMATION_FORMAT = "dwarf-with-dsym";
				GCC_MODEL_TUNING = G5;
				GCC_PRECOMPILE_PREFIX_HEADER = YES;
				GCC_PREFIX_HEADER = src/BrowsaPlugIn_Prefix.pch;
				INFOPLIST_FILE = res/conf/Info.plist;
				INSTALL_PATH = "$(HOME)/Library/Bundles";
				PRODUCT_NAME = Browsa;
				SDKROOT = macosx10.5;
				WRAPPER_EXTENSION = fluidplugin;
			};
			name = Release;
		};
		1DEB913F08733D840010E9CD /* Debug */ = {
			isa = XCBuildConfiguration;
			buildSettings = {
				ARCHS = "$(ARCHS_STANDARD_32_64_BIT)";
				GCC_C_LANGUAGE_STANDARD = gnu99;
				GCC_OPTIMIZATION_LEVEL = 0;
				GCC_WARN_ABOUT_RETURN_TYPE = YES;
				GCC_WARN_UNUSED_VARIABLE = YES;
				ONLY_ACTIVE_ARCH = YES;
				PREBINDING = NO;
				SDKROOT = macosx10.6;
			};
			name = Debug;
		};
		1DEB914008733D840010E9CD /* Release */ = {
			isa = XCBuildConfiguration;
			buildSettings = {
				ARCHS = "$(ARCHS_STANDARD_32_64_BIT)";
				GCC_C_LANGUAGE_STANDARD = gnu99;
				GCC_WARN_ABOUT_RETURN_TYPE = YES;
				GCC_WARN_UNUSED_VARIABLE = YES;
				PREBINDING = NO;
				SDKROOT = macosx10.6;
			};
			name = Release;
		};
/* End XCBuildConfiguration section */

/* Begin XCConfigurationList section */
		1DEB913A08733D840010E9CD /* Build configuration list for PBXNativeTarget "BrowsaPlugIn" */ = {
			isa = XCConfigurationList;
			buildConfigurations = (
				1DEB913B08733D840010E9CD /* Debug */,
				1DEB913C08733D840010E9CD /* Release */,
			);
			defaultConfigurationIsVisible = 0;
			defaultConfigurationName = Release;
		};
		1DEB913E08733D840010E9CD /* Build configuration list for PBXProject "BrowsaPlugIn" */ = {
			isa = XCConfigurationList;
			buildConfigurations = (
				1DEB913F08733D840010E9CD /* Debug */,
				1DEB914008733D840010E9CD /* Release */,
			);
			defaultConfigurationIsVisible = 0;
			defaultConfigurationName = Release;
		};
/* End XCConfigurationList section */
	};
	rootObject = 089C1669FE841209C02AAC07 /* Project object */;
}
