// !$*UTF8*$!
{
	archiveVersion = 1;
	classes = {
	};
	objectVersion = 45;
	objects = {

/* Begin PBXBuildFile section */
		8D5B49B0048680CD000E48DA /* InfoPlist.strings in Resources */ = {isa = PBXBuildFile; fileRef = 089C167DFE841241C02AAC07 /* InfoPlist.strings */; };
		8D5B49B4048680CD000E48DA /* Cocoa.framework in Frameworks */ = {isa = PBXBuildFile; fileRef = 1058C7ADFEA557BF11CA2CBB /* Cocoa.framework */; };
		D32CE86610E59A9600F28812 /* Quartz.framework in Frameworks */ = {isa = PBXBuildFile; fileRef = D32CE86510E59A9600F28812 /* Quartz.framework */; };
		D32E8B0110E52D6800445B4C /* WebKit.framework in Frameworks */ = {isa = PBXBuildFile; fileRef = D32E8B0010E52D6800445B4C /* WebKit.framework */; };
		D32E8BE010E58F8A00445B4C /* FUTabsViewController.m in Sources */ = {isa = PBXBuildFile; fileRef = D32E8BDF10E58F8A00445B4C /* FUTabsViewController.m */; };
		D32E8BE710E5915600445B4C /* FUTabsPreferencesViewController.m in Sources */ = {isa = PBXBuildFile; fileRef = D32E8BE610E5915600445B4C /* FUTabsPreferencesViewController.m */; };
		D32E8C1B10E5937300445B4C /* FUTabsView.xib in Resources */ = {isa = PBXBuildFile; fileRef = D32E8C1910E5937300445B4C /* FUTabsView.xib */; };
		D32E8C1E10E5938200445B4C /* FUTabsPreferencesView.xib in Resources */ = {isa = PBXBuildFile; fileRef = D32E8C1C10E5938200445B4C /* FUTabsPreferencesView.xib */; };
		D3442EC010EFCD6A00855FD9 /* TDAppKit.framework in Frameworks */ = {isa = PBXBuildFile; fileRef = D3442EAC10EFCD4D00855FD9 /* TDAppKit.framework */; };
		D3A522DC10EA98D40021B801 /* FUTabListItem.m in Sources */ = {isa = PBXBuildFile; fileRef = D3A522DB10EA98D40021B801 /* FUTabListItem.m */; };
		D3A5236510EA9E1D0021B801 /* close_button_hover.tif in Resources */ = {isa = PBXBuildFile; fileRef = D3A5236210EA9E1D0021B801 /* close_button_hover.tif */; };
		D3A5236610EA9E1D0021B801 /* close_button_pressed.tif in Resources */ = {isa = PBXBuildFile; fileRef = D3A5236310EA9E1D0021B801 /* close_button_pressed.tif */; };
		D3A5236710EA9E1D0021B801 /* close_button.tif in Resources */ = {isa = PBXBuildFile; fileRef = D3A5236410EA9E1D0021B801 /* close_button.tif */; };
		D3A5291310EBFAD90021B801 /* progress_indicator.png in Resources */ = {isa = PBXBuildFile; fileRef = D3A5291210EBFAD90021B801 /* progress_indicator.png */; };
		D3B8C15010E8738B00271454 /* FUTabModel.m in Sources */ = {isa = PBXBuildFile; fileRef = D3B8C14F10E8738B00271454 /* FUTabModel.m */; };
		D3E130F91103E4B0007FE89E /* FUTabsPlugIn.m in Sources */ = {isa = PBXBuildFile; fileRef = D3E130F81103E4B0007FE89E /* FUTabsPlugIn.m */; };
/* End PBXBuildFile section */

/* Begin PBXContainerItemProxy section */
		D3442EAB10EFCD4D00855FD9 /* PBXContainerItemProxy */ = {
			isa = PBXContainerItemProxy;
			containerPortal = D3442EA610EFCD4D00855FD9 /* TDAppKit.xcodeproj */;
			proxyType = 2;
			remoteGlobalIDString = 8DC2EF5B0486A6940098B216;
			remoteInfo = TDAppKit;
		};
		D3442EAD10EFCD4D00855FD9 /* PBXContainerItemProxy */ = {
			isa = PBXContainerItemProxy;
			containerPortal = D3442EA610EFCD4D00855FD9 /* TDAppKit.xcodeproj */;
			proxyType = 2;
			remoteGlobalIDString = D31CBFE910EFB9630013347D;
			remoteInfo = ListViewDemoApp;
		};
		D3442EAF10EFCD5F00855FD9 /* PBXContainerItemProxy */ = {
			isa = PBXContainerItemProxy;
			containerPortal = D3442EA610EFCD4D00855FD9 /* TDAppKit.xcodeproj */;
			proxyType = 1;
			remoteGlobalIDString = 8DC2EF4F0486A6940098B216;
			remoteInfo = TDAppKit;
		};
		D392B17A117965F000823791 /* PBXContainerItemProxy */ = {
			isa = PBXContainerItemProxy;
			containerPortal = D3442EA610EFCD4D00855FD9 /* TDAppKit.xcodeproj */;
			proxyType = 2;
			remoteGlobalIDString = D36E1F5B11703E8300110DBA;
			remoteInfo = FooBarDemoApp;
		};
/* End PBXContainerItemProxy section */

/* Begin PBXFileReference section */
		089C1672FE841209C02AAC07 /* Foundation.framework */ = {isa = PBXFileReference; lastKnownFileType = wrapper.framework; name = Foundation.framework; path = /System/Library/Frameworks/Foundation.framework; sourceTree = "<absolute>"; };
		089C167EFE841241C02AAC07 /* English */ = {isa = PBXFileReference; fileEncoding = 4; lastKnownFileType = text.plist.strings; name = English; path = English.lproj/InfoPlist.strings; sourceTree = "<group>"; };
		089C167FFE841241C02AAC07 /* AppKit.framework */ = {isa = PBXFileReference; lastKnownFileType = wrapper.framework; name = AppKit.framework; path = /System/Library/Frameworks/AppKit.framework; sourceTree = "<absolute>"; };
		1058C7ADFEA557BF11CA2CBB /* Cocoa.framework */ = {isa = PBXFileReference; lastKnownFileType = wrapper.framework; name = Cocoa.framework; path = /System/Library/Frameworks/Cocoa.framework; sourceTree = "<absolute>"; };
		32DBCF630370AF2F00C91783 /* TabsPlugIn_Prefix.pch */ = {isa = PBXFileReference; fileEncoding = 4; lastKnownFileType = sourcecode.c.h; name = TabsPlugIn_Prefix.pch; path = src/TabsPlugIn_Prefix.pch; sourceTree = "<group>"; };
		8D5B49B6048680CD000E48DA /* Tabs.fluidplugin */ = {isa = PBXFileReference; explicitFileType = wrapper.cfbundle; includeInIndex = 0; path = Tabs.fluidplugin; sourceTree = BUILT_PRODUCTS_DIR; };
		8D5B49B7048680CD000E48DA /* Info.plist */ = {isa = PBXFileReference; fileEncoding = 4; lastKnownFileType = text.plist.xml; name = Info.plist; path = res/conf/Info.plist; sourceTree = "<group>"; };
		D2F7E65807B2D6F200F64583 /* CoreData.framework */ = {isa = PBXFileReference; lastKnownFileType = wrapper.framework; name = CoreData.framework; path = /System/Library/Frameworks/CoreData.framework; sourceTree = "<absolute>"; };
		D32CE86510E59A9600F28812 /* Quartz.framework */ = {isa = PBXFileReference; lastKnownFileType = wrapper.framework; name = Quartz.framework; path = System/Library/Frameworks/Quartz.framework; sourceTree = SDKROOT; };
		D32E8AF110E52D2E00445B4C /* WebURLsWithTitles.h */ = {isa = PBXFileReference; fileEncoding = 4; lastKnownFileType = sourcecode.c.h; name = WebURLsWithTitles.h; path = ../../Fluidium/src/WebURLsWithTitles.h; sourceTree = SOURCE_ROOT; };
		D32E8B0010E52D6800445B4C /* WebKit.framework */ = {isa = PBXFileReference; lastKnownFileType = wrapper.framework; name = WebKit.framework; path = System/Library/Frameworks/WebKit.framework; sourceTree = SDKROOT; };
		D32E8BDE10E58F8A00445B4C /* FUTabsViewController.h */ = {isa = PBXFileReference; fileEncoding = 4; lastKnownFileType = sourcecode.c.h; name = FUTabsViewController.h; path = src/FUTabsViewController.h; sourceTree = "<group>"; };
		D32E8BDF10E58F8A00445B4C /* FUTabsViewController.m */ = {isa = PBXFileReference; fileEncoding = 4; lastKnownFileType = sourcecode.c.objc; name = FUTabsViewController.m; path = src/FUTabsViewController.m; sourceTree = "<group>"; };
		D32E8BE510E5915600445B4C /* FUTabsPreferencesViewController.h */ = {isa = PBXFileReference; fileEncoding = 4; lastKnownFileType = sourcecode.c.h; name = FUTabsPreferencesViewController.h; path = src/FUTabsPreferencesViewController.h; sourceTree = "<group>"; };
		D32E8BE610E5915600445B4C /* FUTabsPreferencesViewController.m */ = {isa = PBXFileReference; fileEncoding = 4; lastKnownFileType = sourcecode.c.objc; name = FUTabsPreferencesViewController.m; path = src/FUTabsPreferencesViewController.m; sourceTree = "<group>"; };
		D32E8C1A10E5937300445B4C /* English */ = {isa = PBXFileReference; lastKnownFileType = file.xib; name = English; path = English.lproj/FUTabsView.xib; sourceTree = "<group>"; };
		D32E8C1D10E5938200445B4C /* English */ = {isa = PBXFileReference; lastKnownFileType = file.xib; name = English; path = English.lproj/FUTabsPreferencesView.xib; sourceTree = "<group>"; };
		D3442EA610EFCD4D00855FD9 /* TDAppKit.xcodeproj */ = {isa = PBXFileReference; lastKnownFileType = "wrapper.pb-project"; name = TDAppKit.xcodeproj; path = ../../Fluidium/lib/TDAppKit/TDAppKit.xcodeproj; sourceTree = SOURCE_ROOT; };
		D3A522DA10EA98D40021B801 /* FUTabListItem.h */ = {isa = PBXFileReference; fileEncoding = 4; lastKnownFileType = sourcecode.c.h; name = FUTabListItem.h; path = src/FUTabListItem.h; sourceTree = "<group>"; };
		D3A522DB10EA98D40021B801 /* FUTabListItem.m */ = {isa = PBXFileReference; fileEncoding = 4; lastKnownFileType = sourcecode.c.objc; name = FUTabListItem.m; path = src/FUTabListItem.m; sourceTree = "<group>"; };
		D3A5236210EA9E1D0021B801 /* close_button_hover.tif */ = {isa = PBXFileReference; lastKnownFileType = image.tiff; name = close_button_hover.tif; path = res/img/close_button_hover.tif; sourceTree = "<group>"; };
		D3A5236310EA9E1D0021B801 /* close_button_pressed.tif */ = {isa = PBXFileReference; lastKnownFileType = image.tiff; name = close_button_pressed.tif; path = res/img/close_button_pressed.tif; sourceTree = "<group>"; };
		D3A5236410EA9E1D0021B801 /* close_button.tif */ = {isa = PBXFileReference; lastKnownFileType = image.tiff; name = close_button.tif; path = res/img/close_button.tif; sourceTree = "<group>"; };
		D3A5291210EBFAD90021B801 /* progress_indicator.png */ = {isa = PBXFileReference; lastKnownFileType = image.png; name = progress_indicator.png; path = res/img/progress_indicator.png; sourceTree = "<group>"; };
		D3B8C14E10E8738B00271454 /* FUTabModel.h */ = {isa = PBXFileReference; fileEncoding = 4; lastKnownFileType = sourcecode.c.h; name = FUTabModel.h; path = src/FUTabModel.h; sourceTree = "<group>"; };
		D3B8C14F10E8738B00271454 /* FUTabModel.m */ = {isa = PBXFileReference; fileEncoding = 4; lastKnownFileType = sourcecode.c.objc; name = FUTabModel.m; path = src/FUTabModel.m; sourceTree = "<group>"; };
		D3E130F71103E4B0007FE89E /* FUTabsPlugIn.h */ = {isa = PBXFileReference; fileEncoding = 4; lastKnownFileType = sourcecode.c.h; name = FUTabsPlugIn.h; path = src/FUTabsPlugIn.h; sourceTree = "<group>"; };
		D3E130F81103E4B0007FE89E /* FUTabsPlugIn.m */ = {isa = PBXFileReference; fileEncoding = 4; lastKnownFileType = sourcecode.c.objc; name = FUTabsPlugIn.m; path = src/FUTabsPlugIn.m; sourceTree = "<group>"; };
/* End PBXFileReference section */

/* Begin PBXFrameworksBuildPhase section */
		8D5B49B3048680CD000E48DA /* Frameworks */ = {
			isa = PBXFrameworksBuildPhase;
			buildActionMask = 2147483647;
			files = (
				8D5B49B4048680CD000E48DA /* Cocoa.framework in Frameworks */,
				D32E8B0110E52D6800445B4C /* WebKit.framework in Frameworks */,
				D32CE86610E59A9600F28812 /* Quartz.framework in Frameworks */,
				D3442EC010EFCD6A00855FD9 /* TDAppKit.framework in Frameworks */,
			);
			runOnlyForDeploymentPostprocessing = 0;
		};
/* End PBXFrameworksBuildPhase section */

/* Begin PBXGroup section */
		089C166AFE841209C02AAC07 /* TabsPlugIn */ = {
			isa = PBXGroup;
			children = (
				D3442EA610EFCD4D00855FD9 /* TDAppKit.xcodeproj */,
				08FB77AFFE84173DC02AAC07 /* Classes */,
				32C88E010371C26100C91783 /* Other Sources */,
				089C167CFE841241C02AAC07 /* Resources */,
				089C1671FE841209C02AAC07 /* Frameworks and Libraries */,
				19C28FB8FE9D52D311CA2CBB /* Products */,
			);
			name = TabsPlugIn;
			sourceTree = "<group>";
		};
		089C1671FE841209C02AAC07 /* Frameworks and Libraries */ = {
			isa = PBXGroup;
			children = (
				1058C7ACFEA557BF11CA2CBB /* Linked Frameworks */,
				1058C7AEFEA557BF11CA2CBB /* Other Frameworks */,
			);
			name = "Frameworks and Libraries";
			sourceTree = "<group>";
		};
		089C167CFE841241C02AAC07 /* Resources */ = {
			isa = PBXGroup;
			children = (
				D32E8C1810E5935C00445B4C /* Nib */,
				D32E8C1710E5935800445B4C /* Images */,
				D32E8C1610E5935200445B4C /* Config */,
			);
			name = Resources;
			sourceTree = "<group>";
		};
		08FB77AFFE84173DC02AAC07 /* Classes */ = {
			isa = PBXGroup;
			children = (
				D32E8ADB10E52C5000445B4C /* Fluidium */,
				D3E130F71103E4B0007FE89E /* FUTabsPlugIn.h */,
				D3E130F81103E4B0007FE89E /* FUTabsPlugIn.m */,
				D32E8BE510E5915600445B4C /* FUTabsPreferencesViewController.h */,
				D32E8BE610E5915600445B4C /* FUTabsPreferencesViewController.m */,
				D32E8BDE10E58F8A00445B4C /* FUTabsViewController.h */,
				D32E8BDF10E58F8A00445B4C /* FUTabsViewController.m */,
				D3B8C14E10E8738B00271454 /* FUTabModel.h */,
				D3B8C14F10E8738B00271454 /* FUTabModel.m */,
				D3A522DA10EA98D40021B801 /* FUTabListItem.h */,
				D3A522DB10EA98D40021B801 /* FUTabListItem.m */,
			);
			name = Classes;
			sourceTree = "<group>";
		};
		1058C7ACFEA557BF11CA2CBB /* Linked Frameworks */ = {
			isa = PBXGroup;
			children = (
				D32E8B0010E52D6800445B4C /* WebKit.framework */,
				1058C7ADFEA557BF11CA2CBB /* Cocoa.framework */,
				D32CE86510E59A9600F28812 /* Quartz.framework */,
			);
			name = "Linked Frameworks";
			sourceTree = "<group>";
		};
		1058C7AEFEA557BF11CA2CBB /* Other Frameworks */ = {
			isa = PBXGroup;
			children = (
				089C167FFE841241C02AAC07 /* AppKit.framework */,
				D2F7E65807B2D6F200F64583 /* CoreData.framework */,
				089C1672FE841209C02AAC07 /* Foundation.framework */,
			);
			name = "Other Frameworks";
			sourceTree = "<group>";
		};
		19C28FB8FE9D52D311CA2CBB /* Products */ = {
			isa = PBXGroup;
			children = (
				8D5B49B6048680CD000E48DA /* Tabs.fluidplugin */,
			);
			name = Products;
			sourceTree = "<group>";
		};
		32C88E010371C26100C91783 /* Other Sources */ = {
			isa = PBXGroup;
			children = (
				32DBCF630370AF2F00C91783 /* TabsPlugIn_Prefix.pch */,
			);
			name = "Other Sources";
			sourceTree = "<group>";
		};
		D32E8ADB10E52C5000445B4C /* Fluidium */ = {
			isa = PBXGroup;
			children = (
				D32E8AF110E52D2E00445B4C /* WebURLsWithTitles.h */,
			);
			name = Fluidium;
			sourceTree = "<group>";
		};
		D32E8C1610E5935200445B4C /* Config */ = {
			isa = PBXGroup;
			children = (
				8D5B49B7048680CD000E48DA /* Info.plist */,
				089C167DFE841241C02AAC07 /* InfoPlist.strings */,
			);
			name = Config;
			sourceTree = "<group>";
		};
		D32E8C1710E5935800445B4C /* Images */ = {
			isa = PBXGroup;
			children = (
				D3A5291210EBFAD90021B801 /* progress_indicator.png */,
				D3A5236210EA9E1D0021B801 /* close_button_hover.tif */,
				D3A5236310EA9E1D0021B801 /* close_button_pressed.tif */,
				D3A5236410EA9E1D0021B801 /* close_button.tif */,
			);
			name = Images;
			sourceTree = "<group>";
		};
		D32E8C1810E5935C00445B4C /* Nib */ = {
			isa = PBXGroup;
			children = (
				D32E8C1910E5937300445B4C /* FUTabsView.xib */,
				D32E8C1C10E5938200445B4C /* FUTabsPreferencesView.xib */,
			);
			name = Nib;
			sourceTree = "<group>";
		};
		D3442EA710EFCD4D00855FD9 /* Products */ = {
			isa = PBXGroup;
			children = (
				D3442EAC10EFCD4D00855FD9 /* TDAppKit.framework */,
				D3442EAE10EFCD4D00855FD9 /* ListViewDemoApp.app */,
				D392B17B117965F000823791 /* FooBarDemoApp.app */,
			);
			name = Products;
			sourceTree = "<group>";
		};
/* End PBXGroup section */

/* Begin PBXNativeTarget section */
		8D5B49AC048680CD000E48DA /* TabsPlugIn */ = {
			isa = PBXNativeTarget;
			buildConfigurationList = 1DEB913A08733D840010E9CD /* Build configuration list for PBXNativeTarget "TabsPlugIn" */;
			buildPhases = (
				8D5B49AF048680CD000E48DA /* Resources */,
				8D5B49B1048680CD000E48DA /* Sources */,
				8D5B49B3048680CD000E48DA /* Frameworks */,
			);
			buildRules = (
			);
			dependencies = (
				D3442EB010EFCD5F00855FD9 /* PBXTargetDependency */,
			);
			name = TabsPlugIn;
			productInstallPath = "$(HOME)/Library/Bundles";
			productName = TabsPlugIn;
			productReference = 8D5B49B6048680CD000E48DA /* Tabs.fluidplugin */;
			productType = "com.apple.product-type.bundle";
		};
/* End PBXNativeTarget section */

/* Begin PBXProject section */
		089C1669FE841209C02AAC07 /* Project object */ = {
			isa = PBXProject;
			buildConfigurationList = 1DEB913E08733D840010E9CD /* Build configuration list for PBXProject "TabsPlugIn" */;
			compatibilityVersion = "Xcode 3.1";
			hasScannedForEncodings = 1;
			mainGroup = 089C166AFE841209C02AAC07 /* TabsPlugIn */;
			projectDirPath = "";
			projectReferences = (
				{
					ProductGroup = D3442EA710EFCD4D00855FD9 /* Products */;
					ProjectRef = D3442EA610EFCD4D00855FD9 /* TDAppKit.xcodeproj */;
				},
			);
			projectRoot = "";
			targets = (
				8D5B49AC048680CD000E48DA /* TabsPlugIn */,
			);
		};
/* End PBXProject section */

/* Begin PBXReferenceProxy section */
		D3442EAC10EFCD4D00855FD9 /* TDAppKit.framework */ = {
			isa = PBXReferenceProxy;
			fileType = wrapper.framework;
			path = TDAppKit.framework;
			remoteRef = D3442EAB10EFCD4D00855FD9 /* PBXContainerItemProxy */;
			sourceTree = BUILT_PRODUCTS_DIR;
		};
		D3442EAE10EFCD4D00855FD9 /* ListViewDemoApp.app */ = {
			isa = PBXReferenceProxy;
			fileType = wrapper.application;
			path = ListViewDemoApp.app;
			remoteRef = D3442EAD10EFCD4D00855FD9 /* PBXContainerItemProxy */;
			sourceTree = BUILT_PRODUCTS_DIR;
		};
		D392B17B117965F000823791 /* FooBarDemoApp.app */ = {
			isa = PBXReferenceProxy;
			fileType = wrapper.application;
			path = FooBarDemoApp.app;
			remoteRef = D392B17A117965F000823791 /* PBXContainerItemProxy */;
			sourceTree = BUILT_PRODUCTS_DIR;
		};
/* End PBXReferenceProxy section */

/* Begin PBXResourcesBuildPhase section */
		8D5B49AF048680CD000E48DA /* Resources */ = {
			isa = PBXResourcesBuildPhase;
			buildActionMask = 2147483647;
			files = (
				8D5B49B0048680CD000E48DA /* InfoPlist.strings in Resources */,
				D32E8C1B10E5937300445B4C /* FUTabsView.xib in Resources */,
				D32E8C1E10E5938200445B4C /* FUTabsPreferencesView.xib in Resources */,
				D3A5236510EA9E1D0021B801 /* close_button_hover.tif in Resources */,
				D3A5236610EA9E1D0021B801 /* close_button_pressed.tif in Resources */,
				D3A5236710EA9E1D0021B801 /* close_button.tif in Resources */,
				D3A5291310EBFAD90021B801 /* progress_indicator.png in Resources */,
			);
			runOnlyForDeploymentPostprocessing = 0;
		};
/* End PBXResourcesBuildPhase section */

/* Begin PBXSourcesBuildPhase section */
		8D5B49B1048680CD000E48DA /* Sources */ = {
			isa = PBXSourcesBuildPhase;
			buildActionMask = 2147483647;
			files = (
				D32E8BE010E58F8A00445B4C /* FUTabsViewController.m in Sources */,
				D32E8BE710E5915600445B4C /* FUTabsPreferencesViewController.m in Sources */,
				D3B8C15010E8738B00271454 /* FUTabModel.m in Sources */,
				D3A522DC10EA98D40021B801 /* FUTabListItem.m in Sources */,
				D3E130F91103E4B0007FE89E /* FUTabsPlugIn.m in Sources */,
			);
			runOnlyForDeploymentPostprocessing = 0;
		};
/* End PBXSourcesBuildPhase section */

/* Begin PBXTargetDependency section */
		D3442EB010EFCD5F00855FD9 /* PBXTargetDependency */ = {
			isa = PBXTargetDependency;
			name = TDAppKit;
			targetProxy = D3442EAF10EFCD5F00855FD9 /* PBXContainerItemProxy */;
		};
/* End PBXTargetDependency section */

/* Begin PBXVariantGroup section */
		089C167DFE841241C02AAC07 /* InfoPlist.strings */ = {
			isa = PBXVariantGroup;
			children = (
				089C167EFE841241C02AAC07 /* English */,
			);
			name = InfoPlist.strings;
			sourceTree = "<group>";
		};
		D32E8C1910E5937300445B4C /* FUTabsView.xib */ = {
			isa = PBXVariantGroup;
			children = (
				D32E8C1A10E5937300445B4C /* English */,
			);
			name = FUTabsView.xib;
			sourceTree = "<group>";
		};
		D32E8C1C10E5938200445B4C /* FUTabsPreferencesView.xib */ = {
			isa = PBXVariantGroup;
			children = (
				D32E8C1D10E5938200445B4C /* English */,
			);
			name = FUTabsPreferencesView.xib;
			sourceTree = "<group>";
		};
/* End PBXVariantGroup section */

/* Begin XCBuildConfiguration section */
		1DEB913B08733D840010E9CD /* Debug */ = {
			isa = XCBuildConfiguration;
			buildSettings = {
				ALWAYS_SEARCH_USER_PATHS = NO;
				BUNDLE_LOADER = "$(SRCROOT)/../../Fluidium/build/$(CONFIGURATION)/Fluidium.app/Contents/MacOS/Fluidium";
				COPY_PHASE_STRIP = NO;
				FRAMEWORK_SEARCH_PATHS = "";
				GCC_DYNAMIC_NO_PIC = NO;
				GCC_ENABLE_FIX_AND_CONTINUE = YES;
				GCC_MODEL_TUNING = G5;
				GCC_OPTIMIZATION_LEVEL = 0;
				GCC_PRECOMPILE_PREFIX_HEADER = YES;
				GCC_PREFIX_HEADER = src/TabsPlugIn_Prefix.pch;
				GCC_PREPROCESSOR_DEFINITIONS = FUDEBUG;
				GCC_TREAT_WARNINGS_AS_ERRORS = YES;
				HEADER_SEARCH_PATHS = (
					"\"$(SRCROOT)/../../Fluidium/lib/TDAppKit/include\"",
					"\"$(SRCROOT)/../../Fluidium/include\"",
				);
				INFOPLIST_FILE = res/conf/Info.plist;
				INSTALL_PATH = "$(HOME)/Library/Bundles";
				PRODUCT_NAME = Tabs;
				SDKROOT = macosx10.5;
				WRAPPER_EXTENSION = fluidplugin;
			};
			name = Debug;
		};
		1DEB913C08733D840010E9CD /* Release */ = {
			isa = XCBuildConfiguration;
			buildSettings = {
				ALWAYS_SEARCH_USER_PATHS = NO;
				BUNDLE_LOADER = "$(SRCROOT)/../../Fluidium/build/$(CONFIGURATION)/Fluidium.app/Contents/MacOS/Fluidium";
				DEBUG_INFORMATION_FORMAT = "dwarf-with-dsym";
				FRAMEWORK_SEARCH_PATHS = "";
				GCC_MODEL_TUNING = G5;
				GCC_PRECOMPILE_PREFIX_HEADER = YES;
				GCC_PREFIX_HEADER = src/TabsPlugIn_Prefix.pch;
				GCC_TREAT_WARNINGS_AS_ERRORS = YES;
				HEADER_SEARCH_PATHS = (
					"\"$(SRCROOT)/../../Fluidium/lib/TDAppKit/include\"",
					"\"$(SRCROOT)/../../Fluidium/include\"",
				);
				INFOPLIST_FILE = res/conf/Info.plist;
				INSTALL_PATH = "$(HOME)/Library/Bundles";
				PRODUCT_NAME = Tabs;
				SDKROOT = macosx10.5;
				WRAPPER_EXTENSION = fluidplugin;
			};
			name = Release;
		};
		1DEB913F08733D840010E9CD /* Debug */ = {
			isa = XCBuildConfiguration;
			buildSettings = {
				ARCHS = "$(ARCHS_STANDARD_32_64_BIT)";
				GCC_C_LANGUAGE_STANDARD = gnu99;
				GCC_OPTIMIZATION_LEVEL = 0;
				GCC_WARN_ABOUT_RETURN_TYPE = YES;
				GCC_WARN_UNUSED_VARIABLE = YES;
				ONLY_ACTIVE_ARCH = YES;
				PREBINDING = NO;
				SDKROOT = macosx10.6;
			};
			name = Debug;
		};
		1DEB914008733D840010E9CD /* Release */ = {
			isa = XCBuildConfiguration;
			buildSettings = {
				ARCHS = "$(ARCHS_STANDARD_32_64_BIT)";
				GCC_C_LANGUAGE_STANDARD = gnu99;
				GCC_WARN_ABOUT_RETURN_TYPE = YES;
				GCC_WARN_UNUSED_VARIABLE = YES;
				PREBINDING = NO;
				SDKROOT = macosx10.6;
			};
			name = Release;
		};
/* End XCBuildConfiguration section */

/* Begin XCConfigurationList section */
		1DEB913A08733D840010E9CD /* Build configuration list for PBXNativeTarget "TabsPlugIn" */ = {
			isa = XCConfigurationList;
			buildConfigurations = (
				1DEB913B08733D840010E9CD /* Debug */,
				1DEB913C08733D840010E9CD /* Release */,
			);
			defaultConfigurationIsVisible = 0;
			defaultConfigurationName = Release;
		};
		1DEB913E08733D840010E9CD /* Build configuration list for PBXProject "TabsPlugIn" */ = {
			isa = XCConfigurationList;
			buildConfigurations = (
				1DEB913F08733D840010E9CD /* Debug */,
				1DEB914008733D840010E9CD /* Release */,
			);
			defaultConfigurationIsVisible = 0;
			defaultConfigurationName = Release;
		};
/* End XCConfigurationList section */
	};
	rootObject = 089C1669FE841209C02AAC07 /* Project object */;
}
